
Microsoft Visual Studio Solution File, Format Version 12.00
# Visual Studio Version 16
VisualStudioVersion = 16.0.32126.315
MinimumVisualStudioVersion = 10.0.40219.1
Project("{9A19103F-16F7-4668-BE54-9A1E7A4F7556}") = "AdminDashBoard", "Day9IdentityMVCCore\AdminDashBoard.csproj", "{B4536758-22EC-42DE-820E-E870E5D179B2}"
EndProject
Global
	GlobalSection(SolutionConfigurationPlatforms) = preSolution
		Debug|Any CPU = Debug|Any CPU
		Release|Any CPU = Release|Any CPU
	EndGlobalSection
	GlobalSection(ProjectConfigurationPlatforms) = postSolution
		{B4536758-22EC-42DE-820E-E870E5D179B2}.Debug|Any CPU.ActiveCfg = Debug|Any CPU
		{B4536758-22EC-42DE-820E-E870E5D179B2}.Debug|Any CPU.Build.0 = Debug|Any CPU
		{B4536758-22EC-42DE-820E-E870E5D179B2}.Release|Any CPU.ActiveCfg = Release|Any CPU
		{B4536758-22EC-42DE-820E-E870E5D179B2}.Release|Any CPU.Build.0 = Release|Any CPU
	EndGlobalSection
	GlobalSection(SolutionProperties) = preSolution
		HideSolutionNode = FALSE
	EndGlobalSection
	GlobalSection(ExtensibilityGlobals) = postSolution
		SolutionGuid = {EECB7ED9-D258-40C0-B800-0B67510A6D45}
	EndGlobalSection
EndGlobal
